// !$*UTF8*$!
{
	archiveVersion = 1;
	classes = {
	};
	objectVersion = 46;
	objects = {

/* Begin PBXBuildFile section */
		251569411F6136AE00F0338D /* SFBaseViewController.swift in Sources */ = {isa = PBXBuildFile; fileRef = 251569401F6136AE00F0338D /* SFBaseViewController.swift */; };
		2516D5BA1F604B98009DD5C1 /* UIBarButtonItem+Badge.swift in Sources */ = {isa = PBXBuildFile; fileRef = 2516D5B91F604B98009DD5C1 /* UIBarButtonItem+Badge.swift */; };
		25274B9C1F50255100AD41BE /* SFCarouselMenuItemCell.swift in Sources */ = {isa = PBXBuildFile; fileRef = 25274B9A1F50255100AD41BE /* SFCarouselMenuItemCell.swift */; };
		25274B9D1F50255100AD41BE /* SFCarouselMenuItemCell.xib in Resources */ = {isa = PBXBuildFile; fileRef = 25274B9B1F50255100AD41BE /* SFCarouselMenuItemCell.xib */; };
		254C0C9F1F58013A0002C1E2 /* babalex_products.json in Resources */ = {isa = PBXBuildFile; fileRef = 254C0C9E1F58013A0002C1E2 /* babalex_products.json */; };
		254C0CA21F582BFE0002C1E2 /* SFCarouselDetailViewInfoCell.swift in Sources */ = {isa = PBXBuildFile; fileRef = 254C0CA01F582BFE0002C1E2 /* SFCarouselDetailViewInfoCell.swift */; };
		254C0CA31F582BFE0002C1E2 /* SFCarouselDetailViewInfoCell.xib in Resources */ = {isa = PBXBuildFile; fileRef = 254C0CA11F582BFE0002C1E2 /* SFCarouselDetailViewInfoCell.xib */; };
		2558816D1F4C110A0027E14B /* AppDelegate.swift in Sources */ = {isa = PBXBuildFile; fileRef = 2558816C1F4C110A0027E14B /* AppDelegate.swift */; };
		255881771F4C110A0027E14B /* LaunchScreen.storyboard in Resources */ = {isa = PBXBuildFile; fileRef = 255881751F4C110A0027E14B /* LaunchScreen.storyboard */; };
		255881821F4C1EA70027E14B /* SFEntities.swift in Sources */ = {isa = PBXBuildFile; fileRef = 255881811F4C1EA70027E14B /* SFEntities.swift */; };
		256D7A7A1F56A69200DD6708 /* Theme.swift in Sources */ = {isa = PBXBuildFile; fileRef = 256D7A791F56A69200DD6708 /* Theme.swift */; };
		257E4ACA1F4CD938006D6EFA /* SFCarouselCollectionViewLayoutAttributes.swift in Sources */ = {isa = PBXBuildFile; fileRef = 257E4AC91F4CD938006D6EFA /* SFCarouselCollectionViewLayoutAttributes.swift */; };
		258903711F5465AE009CDF1E /* SFCarouselDetailViewController.swift in Sources */ = {isa = PBXBuildFile; fileRef = 2589036F1F5465AE009CDF1E /* SFCarouselDetailViewController.swift */; };
		258903721F5465AE009CDF1E /* SFCarouselDetailViewController.xib in Resources */ = {isa = PBXBuildFile; fileRef = 258903701F5465AE009CDF1E /* SFCarouselDetailViewController.xib */; };
		258EAFBC1F602C7100A7CDE5 /* CustomUIControlWithXib.swift in Sources */ = {isa = PBXBuildFile; fileRef = 258EAFBB1F602C7100A7CDE5 /* CustomUIControlWithXib.swift */; };
		259A00B31F56E53300E5A42F /* SFCarouselSwipeHintView.xib in Resources */ = {isa = PBXBuildFile; fileRef = 259A00B21F56E53300E5A42F /* SFCarouselSwipeHintView.xib */; };
		259A00B51F56E66600E5A42F /* SFCarouselSwipeHintView.swift in Sources */ = {isa = PBXBuildFile; fileRef = 259A00B41F56E66600E5A42F /* SFCarouselSwipeHintView.swift */; };
		259A00B81F57096C00E5A42F /* SFNavigationController.swift in Sources */ = {isa = PBXBuildFile; fileRef = 259A00B71F57096C00E5A42F /* SFNavigationController.swift */; };
		25C3E9571F546C5F009896FE /* SFCarouselDetailAnimationController.swift in Sources */ = {isa = PBXBuildFile; fileRef = 25C3E9561F546C5F009896FE /* SFCarouselDetailAnimationController.swift */; };
		25D3BDF81F4CB9E100BA87CB /* UIView+Blur.swift in Sources */ = {isa = PBXBuildFile; fileRef = 25D3BDF71F4CB9E100BA87CB /* UIView+Blur.swift */; };
		25F4CA941F4C2F3C00CA6D62 /* SFCarouselVerticalPageViewController.swift in Sources */ = {isa = PBXBuildFile; fileRef = 25F4CA931F4C2F3C00CA6D62 /* SFCarouselVerticalPageViewController.swift */; };
		25F4CA961F4C32D900CA6D62 /* SFCarouselController.swift in Sources */ = {isa = PBXBuildFile; fileRef = 25F4CA951F4C32D900CA6D62 /* SFCarouselController.swift */; };
		25F4CAA61F4C592F00CA6D62 /* SFCategoryContentViewController.swift in Sources */ = {isa = PBXBuildFile; fileRef = 25F4CAA51F4C592F00CA6D62 /* SFCategoryContentViewController.swift */; };
		25F4CAA81F4C599500CA6D62 /* SFCarouselCollectionViewLayout.swift in Sources */ = {isa = PBXBuildFile; fileRef = 25F4CAA71F4C599500CA6D62 /* SFCarouselCollectionViewLayout.swift */; };
		25F4CAAB1F4C5E7800CA6D62 /* SFCarouselCollectionViewCell.swift in Sources */ = {isa = PBXBuildFile; fileRef = 25F4CAA91F4C5E7800CA6D62 /* SFCarouselCollectionViewCell.swift */; };
		25F4CAAC1F4C5E7800CA6D62 /* SFCarouselCollectionViewCell.xib in Resources */ = {isa = PBXBuildFile; fileRef = 25F4CAAA1F4C5E7800CA6D62 /* SFCarouselCollectionViewCell.xib */; };
		25FD2E071F600252001F5ACD /* Assets.xcassets in Resources */ = {isa = PBXBuildFile; fileRef = 25FD2E061F600252001F5ACD /* Assets.xcassets */; };
		25FD2E091F601717001F5ACD /* SFButton.xib in Resources */ = {isa = PBXBuildFile; fileRef = 25FD2E081F601717001F5ACD /* SFButton.xib */; };
		25FD2E0B1F6018A3001F5ACD /* SFButton.swift in Sources */ = {isa = PBXBuildFile; fileRef = 25FD2E0A1F6018A3001F5ACD /* SFButton.swift */; };
		25FDC0D51F4DD7D50061B25C /* SFCarouselProtocols.swift in Sources */ = {isa = PBXBuildFile; fileRef = 25FDC0D41F4DD7D50061B25C /* SFCarouselProtocols.swift */; };
/* End PBXBuildFile section */

/* Begin PBXFileReference section */
		251569401F6136AE00F0338D /* SFBaseViewController.swift */ = {isa = PBXFileReference; fileEncoding = 4; lastKnownFileType = sourcecode.swift; path = SFBaseViewController.swift; sourceTree = "<group>"; };
		2516D5B91F604B98009DD5C1 /* UIBarButtonItem+Badge.swift */ = {isa = PBXFileReference; fileEncoding = 4; lastKnownFileType = sourcecode.swift; path = "UIBarButtonItem+Badge.swift"; sourceTree = "<group>"; };
		25274B9A1F50255100AD41BE /* SFCarouselMenuItemCell.swift */ = {isa = PBXFileReference; fileEncoding = 4; lastKnownFileType = sourcecode.swift; path = SFCarouselMenuItemCell.swift; sourceTree = "<group>"; };
		25274B9B1F50255100AD41BE /* SFCarouselMenuItemCell.xib */ = {isa = PBXFileReference; fileEncoding = 4; lastKnownFileType = file.xib; path = SFCarouselMenuItemCell.xib; sourceTree = "<group>"; };
		254C0C9E1F58013A0002C1E2 /* babalex_products.json */ = {isa = PBXFileReference; fileEncoding = 4; lastKnownFileType = text.json; path = babalex_products.json; sourceTree = "<group>"; };
		254C0CA01F582BFE0002C1E2 /* SFCarouselDetailViewInfoCell.swift */ = {isa = PBXFileReference; fileEncoding = 4; lastKnownFileType = sourcecode.swift; path = SFCarouselDetailViewInfoCell.swift; sourceTree = "<group>"; };
		254C0CA11F582BFE0002C1E2 /* SFCarouselDetailViewInfoCell.xib */ = {isa = PBXFileReference; fileEncoding = 4; lastKnownFileType = file.xib; path = SFCarouselDetailViewInfoCell.xib; sourceTree = "<group>"; };
		255881691F4C110A0027E14B /* testCarousel.app */ = {isa = PBXFileReference; explicitFileType = wrapper.application; includeInIndex = 0; path = testCarousel.app; sourceTree = BUILT_PRODUCTS_DIR; };
		2558816C1F4C110A0027E14B /* AppDelegate.swift */ = {isa = PBXFileReference; lastKnownFileType = sourcecode.swift; path = AppDelegate.swift; sourceTree = "<group>"; };
		255881761F4C110A0027E14B /* Base */ = {isa = PBXFileReference; lastKnownFileType = file.storyboard; name = Base; path = Base.lproj/LaunchScreen.storyboard; sourceTree = "<group>"; };
		255881781F4C110A0027E14B /* Info.plist */ = {isa = PBXFileReference; lastKnownFileType = text.plist.xml; path = Info.plist; sourceTree = "<group>"; };
		255881811F4C1EA70027E14B /* SFEntities.swift */ = {isa = PBXFileReference; fileEncoding = 4; lastKnownFileType = sourcecode.swift; path = SFEntities.swift; sourceTree = "<group>"; };
		256D7A791F56A69200DD6708 /* Theme.swift */ = {isa = PBXFileReference; fileEncoding = 4; lastKnownFileType = sourcecode.swift; path = Theme.swift; sourceTree = "<group>"; };
		257E4AC91F4CD938006D6EFA /* SFCarouselCollectionViewLayoutAttributes.swift */ = {isa = PBXFileReference; fileEncoding = 4; lastKnownFileType = sourcecode.swift; path = SFCarouselCollectionViewLayoutAttributes.swift; sourceTree = "<group>"; };
		2589036F1F5465AE009CDF1E /* SFCarouselDetailViewController.swift */ = {isa = PBXFileReference; fileEncoding = 4; lastKnownFileType = sourcecode.swift; path = SFCarouselDetailViewController.swift; sourceTree = "<group>"; };
		258903701F5465AE009CDF1E /* SFCarouselDetailViewController.xib */ = {isa = PBXFileReference; fileEncoding = 4; lastKnownFileType = file.xib; path = SFCarouselDetailViewController.xib; sourceTree = "<group>"; };
		258EAFBB1F602C7100A7CDE5 /* CustomUIControlWithXib.swift */ = {isa = PBXFileReference; fileEncoding = 4; lastKnownFileType = sourcecode.swift; path = CustomUIControlWithXib.swift; sourceTree = "<group>"; };
		259A00B21F56E53300E5A42F /* SFCarouselSwipeHintView.xib */ = {isa = PBXFileReference; fileEncoding = 4; lastKnownFileType = file.xib; path = SFCarouselSwipeHintView.xib; sourceTree = "<group>"; };
		259A00B41F56E66600E5A42F /* SFCarouselSwipeHintView.swift */ = {isa = PBXFileReference; fileEncoding = 4; lastKnownFileType = sourcecode.swift; path = SFCarouselSwipeHintView.swift; sourceTree = "<group>"; };
		259A00B71F57096C00E5A42F /* SFNavigationController.swift */ = {isa = PBXFileReference; fileEncoding = 4; lastKnownFileType = sourcecode.swift; path = SFNavigationController.swift; sourceTree = "<group>"; };
		25C3E9561F546C5F009896FE /* SFCarouselDetailAnimationController.swift */ = {isa = PBXFileReference; fileEncoding = 4; lastKnownFileType = sourcecode.swift; path = SFCarouselDetailAnimationController.swift; sourceTree = "<group>"; };
		25D3BDF71F4CB9E100BA87CB /* UIView+Blur.swift */ = {isa = PBXFileReference; fileEncoding = 4; lastKnownFileType = sourcecode.swift; path = "UIView+Blur.swift"; sourceTree = "<group>"; };
		25F4CA931F4C2F3C00CA6D62 /* SFCarouselVerticalPageViewController.swift */ = {isa = PBXFileReference; fileEncoding = 4; lastKnownFileType = sourcecode.swift; path = SFCarouselVerticalPageViewController.swift; sourceTree = "<group>"; };
		25F4CA951F4C32D900CA6D62 /* SFCarouselController.swift */ = {isa = PBXFileReference; fileEncoding = 4; lastKnownFileType = sourcecode.swift; path = SFCarouselController.swift; sourceTree = "<group>"; };
		25F4CAA51F4C592F00CA6D62 /* SFCategoryContentViewController.swift */ = {isa = PBXFileReference; fileEncoding = 4; lastKnownFileType = sourcecode.swift; path = SFCategoryContentViewController.swift; sourceTree = "<group>"; };
		25F4CAA71F4C599500CA6D62 /* SFCarouselCollectionViewLayout.swift */ = {isa = PBXFileReference; fileEncoding = 4; lastKnownFileType = sourcecode.swift; path = SFCarouselCollectionViewLayout.swift; sourceTree = "<group>"; };
		25F4CAA91F4C5E7800CA6D62 /* SFCarouselCollectionViewCell.swift */ = {isa = PBXFileReference; fileEncoding = 4; lastKnownFileType = sourcecode.swift; path = SFCarouselCollectionViewCell.swift; sourceTree = "<group>"; };
		25F4CAAA1F4C5E7800CA6D62 /* SFCarouselCollectionViewCell.xib */ = {isa = PBXFileReference; fileEncoding = 4; lastKnownFileType = file.xib; path = SFCarouselCollectionViewCell.xib; sourceTree = "<group>"; };
		25FD2E061F600252001F5ACD /* Assets.xcassets */ = {isa = PBXFileReference; lastKnownFileType = folder.assetcatalog; path = Assets.xcassets; sourceTree = "<group>"; };
		25FD2E081F601717001F5ACD /* SFButton.xib */ = {isa = PBXFileReference; fileEncoding = 4; lastKnownFileType = file.xib; path = SFButton.xib; sourceTree = "<group>"; };
		25FD2E0A1F6018A3001F5ACD /* SFButton.swift */ = {isa = PBXFileReference; fileEncoding = 4; lastKnownFileType = sourcecode.swift; path = SFButton.swift; sourceTree = "<group>"; };
		25FDC0D41F4DD7D50061B25C /* SFCarouselProtocols.swift */ = {isa = PBXFileReference; fileEncoding = 4; lastKnownFileType = sourcecode.swift; path = SFCarouselProtocols.swift; sourceTree = "<group>"; };
/* End PBXFileReference section */

/* Begin PBXFrameworksBuildPhase section */
		255881661F4C110A0027E14B /* Frameworks */ = {
			isa = PBXFrameworksBuildPhase;
			buildActionMask = 2147483647;
			files = (
			);
			runOnlyForDeploymentPostprocessing = 0;
		};
/* End PBXFrameworksBuildPhase section */

/* Begin PBXGroup section */
		2515693F1F61367E00F0338D /* ViewControllers */ = {
			isa = PBXGroup;
			children = (
				251569401F6136AE00F0338D /* SFBaseViewController.swift */,
				25F4CA931F4C2F3C00CA6D62 /* SFCarouselVerticalPageViewController.swift */,
				25F4CAA51F4C592F00CA6D62 /* SFCategoryContentViewController.swift */,
				259A00B91F5709EC00E5A42F /* SFCarouselDetailViewController */,
			);
			name = ViewControllers;
			sourceTree = "<group>";
		};
		25274B9E1F50255B00AD41BE /* SFCarouselMenuItemCell */ = {
			isa = PBXGroup;
			children = (
				25274B9A1F50255100AD41BE /* SFCarouselMenuItemCell.swift */,
				25274B9B1F50255100AD41BE /* SFCarouselMenuItemCell.xib */,
			);
			name = SFCarouselMenuItemCell;
			sourceTree = "<group>";
		};
		254C0CA41F582C050002C1E2 /* SFCarouselDetailViewInfoCell */ = {
			isa = PBXGroup;
			children = (
				254C0CA01F582BFE0002C1E2 /* SFCarouselDetailViewInfoCell.swift */,
				254C0CA11F582BFE0002C1E2 /* SFCarouselDetailViewInfoCell.xib */,
			);
			name = SFCarouselDetailViewInfoCell;
			sourceTree = "<group>";
		};
		255881601F4C110A0027E14B = {
			isa = PBXGroup;
			children = (
				2558816B1F4C110A0027E14B /* testCarousel */,
				2558816A1F4C110A0027E14B /* Products */,
			);
			sourceTree = "<group>";
		};
		2558816A1F4C110A0027E14B /* Products */ = {
			isa = PBXGroup;
			children = (
				255881691F4C110A0027E14B /* testCarousel.app */,
			);
			name = Products;
			sourceTree = "<group>";
		};
		2558816B1F4C110A0027E14B /* testCarousel */ = {
			isa = PBXGroup;
			children = (
				25F4CAA41F4C4FA900CA6D62 /* SFCarousel */,
				2558816C1F4C110A0027E14B /* AppDelegate.swift */,
				255881751F4C110A0027E14B /* LaunchScreen.storyboard */,
				25FD2E061F600252001F5ACD /* Assets.xcassets */,
				255881781F4C110A0027E14B /* Info.plist */,
			);
			path = testCarousel;
			sourceTree = "<group>";
		};
		257322281F5EA7D8007E6210 /* Transitions */ = {
			isa = PBXGroup;
			children = (
				25C3E9561F546C5F009896FE /* SFCarouselDetailAnimationController.swift */,
			);
			name = Transitions;
			sourceTree = "<group>";
		};
		257322291F5EA80D007E6210 /* Custom Views And Cells */ = {
			isa = PBXGroup;
			children = (
				258EAFBB1F602C7100A7CDE5 /* CustomUIControlWithXib.swift */,
				25274B9E1F50255B00AD41BE /* SFCarouselMenuItemCell */,
				25FDC0D31F4DCDA70061B25C /* SFCarouselCollectionViewCell */,
				254C0CA41F582C050002C1E2 /* SFCarouselDetailViewInfoCell */,
				259A00B61F56E66D00E5A42F /* SFCarouselSwipeHintView */,
				25FD2E0C1F6018E6001F5ACD /* SFButton */,
			);
			name = "Custom Views And Cells";
			sourceTree = "<group>";
		};
		259A00B11F56AA5F00E5A42F /* SFCarouselCollectionViewLayout+Attributes */ = {
			isa = PBXGroup;
			children = (
				25F4CAA71F4C599500CA6D62 /* SFCarouselCollectionViewLayout.swift */,
				257E4AC91F4CD938006D6EFA /* SFCarouselCollectionViewLayoutAttributes.swift */,
			);
			name = "SFCarouselCollectionViewLayout+Attributes";
			sourceTree = "<group>";
		};
		259A00B61F56E66D00E5A42F /* SFCarouselSwipeHintView */ = {
			isa = PBXGroup;
			children = (
				259A00B21F56E53300E5A42F /* SFCarouselSwipeHintView.xib */,
				259A00B41F56E66600E5A42F /* SFCarouselSwipeHintView.swift */,
			);
			name = SFCarouselSwipeHintView;
			sourceTree = "<group>";
		};
		259A00B91F5709EC00E5A42F /* SFCarouselDetailViewController */ = {
			isa = PBXGroup;
			children = (
				2589036F1F5465AE009CDF1E /* SFCarouselDetailViewController.swift */,
				258903701F5465AE009CDF1E /* SFCarouselDetailViewController.xib */,
			);
			name = SFCarouselDetailViewController;
			sourceTree = "<group>";
		};
		25F4CAA41F4C4FA900CA6D62 /* SFCarousel */ = {
			isa = PBXGroup;
			children = (
				255881811F4C1EA70027E14B /* SFEntities.swift */,
				25F4CA951F4C32D900CA6D62 /* SFCarouselController.swift */,
				257322281F5EA7D8007E6210 /* Transitions */,
				257322291F5EA80D007E6210 /* Custom Views And Cells */,
				259A00B71F57096C00E5A42F /* SFNavigationController.swift */,
				2515693F1F61367E00F0338D /* ViewControllers */,
				259A00B11F56AA5F00E5A42F /* SFCarouselCollectionViewLayout+Attributes */,
				25D3BDF71F4CB9E100BA87CB /* UIView+Blur.swift */,
				2516D5B91F604B98009DD5C1 /* UIBarButtonItem+Badge.swift */,
				25FDC0D41F4DD7D50061B25C /* SFCarouselProtocols.swift */,
				256D7A791F56A69200DD6708 /* Theme.swift */,
				254C0C9E1F58013A0002C1E2 /* babalex_products.json */,
			);
			name = SFCarousel;
			sourceTree = "<group>";
		};
		25FD2E0C1F6018E6001F5ACD /* SFButton */ = {
			isa = PBXGroup;
			children = (
				25FD2E081F601717001F5ACD /* SFButton.xib */,
				25FD2E0A1F6018A3001F5ACD /* SFButton.swift */,
			);
			name = SFButton;
			sourceTree = "<group>";
		};
		25FDC0D31F4DCDA70061B25C /* SFCarouselCollectionViewCell */ = {
			isa = PBXGroup;
			children = (
				25F4CAA91F4C5E7800CA6D62 /* SFCarouselCollectionViewCell.swift */,
				25F4CAAA1F4C5E7800CA6D62 /* SFCarouselCollectionViewCell.xib */,
			);
			name = SFCarouselCollectionViewCell;
			sourceTree = "<group>";
		};
/* End PBXGroup section */

/* Begin PBXNativeTarget section */
		255881681F4C110A0027E14B /* testCarousel */ = {
			isa = PBXNativeTarget;
			buildConfigurationList = 2558817B1F4C110A0027E14B /* Build configuration list for PBXNativeTarget "testCarousel" */;
			buildPhases = (
				255881651F4C110A0027E14B /* Sources */,
				255881661F4C110A0027E14B /* Frameworks */,
				255881671F4C110A0027E14B /* Resources */,
			);
			buildRules = (
			);
			dependencies = (
			);
			name = testCarousel;
			productName = testCarousel;
			productReference = 255881691F4C110A0027E14B /* testCarousel.app */;
			productType = "com.apple.product-type.application";
		};
/* End PBXNativeTarget section */

/* Begin PBXProject section */
		255881611F4C110A0027E14B /* Project object */ = {
			isa = PBXProject;
			attributes = {
				LastSwiftUpdateCheck = 0830;
				LastUpgradeCheck = 0830;
				ORGANIZATIONNAME = romiroma;
				TargetAttributes = {
					255881681F4C110A0027E14B = {
						CreatedOnToolsVersion = 8.3.3;
						DevelopmentTeam = RBHZMT59H3;
						ProvisioningStyle = Automatic;
					};
				};
			};
			buildConfigurationList = 255881641F4C110A0027E14B /* Build configuration list for PBXProject "testCarousel" */;
			compatibilityVersion = "Xcode 3.2";
			developmentRegion = English;
			hasScannedForEncodings = 0;
			knownRegions = (
				en,
				Base,
			);
			mainGroup = 255881601F4C110A0027E14B;
			productRefGroup = 2558816A1F4C110A0027E14B /* Products */;
			projectDirPath = "";
			projectRoot = "";
			targets = (
				255881681F4C110A0027E14B /* testCarousel */,
			);
		};
/* End PBXProject section */

/* Begin PBXResourcesBuildPhase section */
		255881671F4C110A0027E14B /* Resources */ = {
			isa = PBXResourcesBuildPhase;
			buildActionMask = 2147483647;
			files = (
				259A00B31F56E53300E5A42F /* SFCarouselSwipeHintView.xib in Resources */,
				255881771F4C110A0027E14B /* LaunchScreen.storyboard in Resources */,
				254C0CA31F582BFE0002C1E2 /* SFCarouselDetailViewInfoCell.xib in Resources */,
				258903721F5465AE009CDF1E /* SFCarouselDetailViewController.xib in Resources */,
				254C0C9F1F58013A0002C1E2 /* babalex_products.json in Resources */,
				25F4CAAC1F4C5E7800CA6D62 /* SFCarouselCollectionViewCell.xib in Resources */,
				25FD2E091F601717001F5ACD /* SFButton.xib in Resources */,
				25FD2E071F600252001F5ACD /* Assets.xcassets in Resources */,
				25274B9D1F50255100AD41BE /* SFCarouselMenuItemCell.xib in Resources */,
			);
			runOnlyForDeploymentPostprocessing = 0;
		};
/* End PBXResourcesBuildPhase section */

/* Begin PBXSourcesBuildPhase section */
		255881651F4C110A0027E14B /* Sources */ = {
			isa = PBXSourcesBuildPhase;
			buildActionMask = 2147483647;
			files = (
				254C0CA21F582BFE0002C1E2 /* SFCarouselDetailViewInfoCell.swift in Sources */,
				25F4CA961F4C32D900CA6D62 /* SFCarouselController.swift in Sources */,
				25FD2E0B1F6018A3001F5ACD /* SFButton.swift in Sources */,
				25FDC0D51F4DD7D50061B25C /* SFCarouselProtocols.swift in Sources */,
				255881821F4C1EA70027E14B /* SFEntities.swift in Sources */,
				259A00B81F57096C00E5A42F /* SFNavigationController.swift in Sources */,
				25F4CA941F4C2F3C00CA6D62 /* SFCarouselVerticalPageViewController.swift in Sources */,
				258EAFBC1F602C7100A7CDE5 /* CustomUIControlWithXib.swift in Sources */,
				25F4CAA61F4C592F00CA6D62 /* SFCategoryContentViewController.swift in Sources */,
				2558816D1F4C110A0027E14B /* AppDelegate.swift in Sources */,
				251569411F6136AE00F0338D /* SFBaseViewController.swift in Sources */,
				25F4CAA81F4C599500CA6D62 /* SFCarouselCollectionViewLayout.swift in Sources */,
				259A00B51F56E66600E5A42F /* SFCarouselSwipeHintView.swift in Sources */,
				256D7A7A1F56A69200DD6708 /* Theme.swift in Sources */,
				25274B9C1F50255100AD41BE /* SFCarouselMenuItemCell.swift in Sources */,
				258903711F5465AE009CDF1E /* SFCarouselDetailViewController.swift in Sources */,
				25F4CAAB1F4C5E7800CA6D62 /* SFCarouselCollectionViewCell.swift in Sources */,
				25D3BDF81F4CB9E100BA87CB /* UIView+Blur.swift in Sources */,
				2516D5BA1F604B98009DD5C1 /* UIBarButtonItem+Badge.swift in Sources */,
				25C3E9571F546C5F009896FE /* SFCarouselDetailAnimationController.swift in Sources */,
				257E4ACA1F4CD938006D6EFA /* SFCarouselCollectionViewLayoutAttributes.swift in Sources */,
			);
			runOnlyForDeploymentPostprocessing = 0;
		};
/* End PBXSourcesBuildPhase section */

/* Begin PBXVariantGroup section */
		255881751F4C110A0027E14B /* LaunchScreen.storyboard */ = {
			isa = PBXVariantGroup;
			children = (
				255881761F4C110A0027E14B /* Base */,
			);
			name = LaunchScreen.storyboard;
			sourceTree = "<group>";
		};
/* End PBXVariantGroup section */

/* Begin XCBuildConfiguration section */
		255881791F4C110A0027E14B /* Debug */ = {
			isa = XCBuildConfiguration;
			buildSettings = {
				ALWAYS_SEARCH_USER_PATHS = NO;
				CLANG_ANALYZER_NONNULL = YES;
				CLANG_ANALYZER_NUMBER_OBJECT_CONVERSION = YES_AGGRESSIVE;
				CLANG_CXX_LANGUAGE_STANDARD = "gnu++0x";
				CLANG_CXX_LIBRARY = "libc++";
				CLANG_ENABLE_MODULES = YES;
				CLANG_ENABLE_OBJC_ARC = YES;
				CLANG_WARN_BOOL_CONVERSION = YES;
				CLANG_WARN_CONSTANT_CONVERSION = YES;
				CLANG_WARN_DIRECT_OBJC_ISA_USAGE = YES_ERROR;
				CLANG_WARN_DOCUMENTATION_COMMENTS = YES;
				CLANG_WARN_EMPTY_BODY = YES;
				CLANG_WARN_ENUM_CONVERSION = YES;
				CLANG_WARN_INFINITE_RECURSION = YES;
				CLANG_WARN_INT_CONVERSION = YES;
				CLANG_WARN_OBJC_ROOT_CLASS = YES_ERROR;
				CLANG_WARN_SUSPICIOUS_MOVE = YES;
				CLANG_WARN_UNREACHABLE_CODE = YES;
				CLANG_WARN__DUPLICATE_METHOD_MATCH = YES;
				"CODE_SIGN_IDENTITY[sdk=iphoneos*]" = "iPhone Developer";
				COPY_PHASE_STRIP = NO;
				DEBUG_INFORMATION_FORMAT = dwarf;
				ENABLE_STRICT_OBJC_MSGSEND = YES;
				ENABLE_TESTABILITY = YES;
				GCC_C_LANGUAGE_STANDARD = gnu99;
				GCC_DYNAMIC_NO_PIC = NO;
				GCC_NO_COMMON_BLOCKS = YES;
				GCC_OPTIMIZATION_LEVEL = 0;
				GCC_PREPROCESSOR_DEFINITIONS = (
					"DEBUG=1",
					"$(inherited)",
				);
				GCC_WARN_64_TO_32_BIT_CONVERSION = YES;
				GCC_WARN_ABOUT_RETURN_TYPE = YES_ERROR;
				GCC_WARN_UNDECLARED_SELECTOR = YES;
				GCC_WARN_UNINITIALIZED_AUTOS = YES_AGGRESSIVE;
				GCC_WARN_UNUSED_FUNCTION = YES;
				GCC_WARN_UNUSED_VARIABLE = YES;
				IPHONEOS_DEPLOYMENT_TARGET = 10.3;
				MTL_ENABLE_DEBUG_INFO = YES;
				ONLY_ACTIVE_ARCH = YES;
				SDKROOT = iphoneos;
				SWIFT_ACTIVE_COMPILATION_CONDITIONS = DEBUG;
				SWIFT_OPTIMIZATION_LEVEL = "-Onone";
				TARGETED_DEVICE_FAMILY = "1,2";
			};
			name = Debug;
		};
		2558817A1F4C110A0027E14B /* Release */ = {
			isa = XCBuildConfiguration;
			buildSettings = {
				ALWAYS_SEARCH_USER_PATHS = NO;
				CLANG_ANALYZER_NONNULL = YES;
				CLANG_ANALYZER_NUMBER_OBJECT_CONVERSION = YES_AGGRESSIVE;
				CLANG_CXX_LANGUAGE_STANDARD = "gnu++0x";
				CLANG_CXX_LIBRARY = "libc++";
				CLANG_ENABLE_MODULES = YES;
				CLANG_ENABLE_OBJC_ARC = YES;
				CLANG_WARN_BOOL_CONVERSION = YES;
				CLANG_WARN_CONSTANT_CONVERSION = YES;
				CLANG_WARN_DIRECT_OBJC_ISA_USAGE = YES_ERROR;
				CLANG_WARN_DOCUMENTATION_COMMENTS = YES;
				CLANG_WARN_EMPTY_BODY = YES;
				CLANG_WARN_ENUM_CONVERSION = YES;
				CLANG_WARN_INFINITE_RECURSION = YES;
				CLANG_WARN_INT_CONVERSION = YES;
				CLANG_WARN_OBJC_ROOT_CLASS = YES_ERROR;
				CLANG_WARN_SUSPICIOUS_MOVE = YES;
				CLANG_WARN_UNREACHABLE_CODE = YES;
				CLANG_WARN__DUPLICATE_METHOD_MATCH = YES;
				"CODE_SIGN_IDENTITY[sdk=iphoneos*]" = "iPhone Developer";
				COPY_PHASE_STRIP = NO;
				DEBUG_INFORMATION_FORMAT = "dwarf-with-dsym";
				ENABLE_NS_ASSERTIONS = NO;
				ENABLE_STRICT_OBJC_MSGSEND = YES;
				GCC_C_LANGUAGE_STANDARD = gnu99;
				GCC_NO_COMMON_BLOCKS = YES;
				GCC_WARN_64_TO_32_BIT_CONVERSION = YES;
				GCC_WARN_ABOUT_RETURN_TYPE = YES_ERROR;
				GCC_WARN_UNDECLARED_SELECTOR = YES;
				GCC_WARN_UNINITIALIZED_AUTOS = YES_AGGRESSIVE;
				GCC_WARN_UNUSED_FUNCTION = YES;
				GCC_WARN_UNUSED_VARIABLE = YES;
				IPHONEOS_DEPLOYMENT_TARGET = 10.3;
				MTL_ENABLE_DEBUG_INFO = NO;
				SDKROOT = iphoneos;
				SWIFT_OPTIMIZATION_LEVEL = "-Owholemodule";
				TARGETED_DEVICE_FAMILY = "1,2";
				VALIDATE_PRODUCT = YES;
			};
			name = Release;
		};
		2558817C1F4C110A0027E14B /* Debug */ = {
			isa = XCBuildConfiguration;
			buildSettings = {
				ASSETCATALOG_COMPILER_APPICON_NAME = AppIcon;
				DEVELOPMENT_TEAM = RBHZMT59H3;
				INFOPLIST_FILE = testCarousel/Info.plist;
				LD_RUNPATH_SEARCH_PATHS = "$(inherited) @executable_path/Frameworks";
				PRODUCT_BUNDLE_IDENTIFIER = com.softermii.babalex;
				PRODUCT_NAME = "$(TARGET_NAME)";
				SWIFT_VERSION = 3.0;
			};
			name = Debug;
		};
		2558817D1F4C110A0027E14B /* Release */ = {
			isa = XCBuildConfiguration;
			buildSettings = {
				ASSETCATALOG_COMPILER_APPICON_NAME = AppIcon;
				DEVELOPMENT_TEAM = RBHZMT59H3;
				INFOPLIST_FILE = testCarousel/Info.plist;
				LD_RUNPATH_SEARCH_PATHS = "$(inherited) @executable_path/Frameworks";
				PRODUCT_BUNDLE_IDENTIFIER = com.softermii.babalex;
				PRODUCT_NAME = "$(TARGET_NAME)";
				SWIFT_VERSION = 3.0;
			};
			name = Release;
		};
/* End XCBuildConfiguration section */

/* Begin XCConfigurationList section */
		255881641F4C110A0027E14B /* Build configuration list for PBXProject "testCarousel" */ = {
			isa = XCConfigurationList;
			buildConfigurations = (
				255881791F4C110A0027E14B /* Debug */,
				2558817A1F4C110A0027E14B /* Release */,
			);
			defaultConfigurationIsVisible = 0;
			defaultConfigurationName = Release;
		};
		2558817B1F4C110A0027E14B /* Build configuration list for PBXNativeTarget "testCarousel" */ = {
			isa = XCConfigurationList;
			buildConfigurations = (
				2558817C1F4C110A0027E14B /* Debug */,
				2558817D1F4C110A0027E14B /* Release */,
			);
			defaultConfigurationIsVisible = 0;
			defaultConfigurationName = Release;
		};
/* End XCConfigurationList section */
	};
	rootObject = 255881611F4C110A0027E14B /* Project object */;
}
